PODS:
  - PagingMenuController (2.2.0)

DEPENDENCIES:
  - PagingMenuController (from `../`)

EXTERNAL SOURCES:
  PagingMenuController:
    :path: ../

SPEC CHECKSUMS:
  PagingMenuController: b244fbe5f1b1e86f806c4a42d283285e33ecb5ab

PODFILE CHECKSUM: 3324af05809a01d00971764ea60325e9253ec73f

COCOAPODS: 1.4.0
